
            Microsoft Visual Studio Solution File, Format Version 12.00
            # Visual Studio Version 17
            VisualStudioVersion = 17.0.31903.59
            MinimumVisualStudioVersion = 10.0.40219.1
            Project("{8f25f320-aa30-4ef7-95cb-2284ed7e7314}")") = "KanbanLegal", "KanbanLegal\KanbanLegal.csproj", "{8f25f320-aa30-4ef7-95cb-2284ed7e7314}"
            EndProject
            Global
                GlobalSection(SolutionConfigurationPlatforms) = preSolution
                    Debug|Any CPU = Debug|Any CPU
                    Release|Any CPU = Release|Any CPU
                EndGlobalSection
                GlobalSection(ProjectConfigurationPlatforms) = postSolution
                    {8f25f320-aa30-4ef7-95cb-2284ed7e7314}.Debug|Any CPU.ActiveCfg = Debug|Any CPU
                    {8f25f320-aa30-4ef7-95cb-2284ed7e7314}.Debug|Any CPU.Build.0 = Debug|Any CPU
                    {8f25f320-aa30-4ef7-95cb-2284ed7e7314}.Release|Any CPU.ActiveCfg = Release|Any CPU
                    {8f25f320-aa30-4ef7-95cb-2284ed7e7314}.Release|Any CPU.Build.0 = Release|Any CPU
                EndGlobalSection
            EndGlobal
            